
Microsoft Visual Studio Solution File, Format Version 12.00
# Visual Studio Version 16
VisualStudioVersion = 16.0.30717.126
MinimumVisualStudioVersion = 10.0.40219.1
Project("{FAE04EC0-301F-11D3-BF4B-00C04F79EFBC}") = "FGR_Perceptron", "FGR_Perceptron\FGR_Perceptron.csproj", "{5390D67B-F761-41F5-94C3-B54E606B2571}"
EndProject
Global
	GlobalSection(SolutionConfigurationPlatforms) = preSolution
		Debug|Any CPU = Debug|Any CPU
		Release|Any CPU = Release|Any CPU
	EndGlobalSection
	GlobalSection(ProjectConfigurationPlatforms) = postSolution
		{5390D67B-F761-41F5-94C3-B54E606B2571}.Debug|Any CPU.ActiveCfg = Debug|Any CPU
		{5390D67B-F761-41F5-94C3-B54E606B2571}.Debug|Any CPU.Build.0 = Debug|Any CPU
		{5390D67B-F761-41F5-94C3-B54E606B2571}.Release|Any CPU.ActiveCfg = Release|Any CPU
		{5390D67B-F761-41F5-94C3-B54E606B2571}.Release|Any CPU.Build.0 = Release|Any CPU
	EndGlobalSection
	GlobalSection(SolutionProperties) = preSolution
		HideSolutionNode = FALSE
	EndGlobalSection
	GlobalSection(ExtensibilityGlobals) = postSolution
		SolutionGuid = {C621346A-8B75-48DD-9A56-777BEB4AA7B2}
	EndGlobalSection
EndGlobal
